
Microsoft Visual Studio Solution File, Format Version 12.00
# Visual Studio Version 17
VisualStudioVersion = 17.0.31612.314
MinimumVisualStudioVersion = 10.0.40219.1
Project("{FAE04EC0-301F-11D3-BF4B-00C04F79EFBC}") = "Test.WebApi", "Test.WebApi\Test.WebApi.csproj", "{F04AD92A-21D3-4C80-A17B-B1BC251EBA5F}"
EndProject
Project("{FAE04EC0-301F-11D3-BF4B-00C04F79EFBC}") = "Test.Core", "Test.Core\Test.Core.csproj", "{461B4CB8-2B70-4F75-BF24-7DB6821AFCC6}"
EndProject
Global
	GlobalSection(SolutionConfigurationPlatforms) = preSolution
		Debug|Any CPU = Debug|Any CPU
		Release|Any CPU = Release|Any CPU
	EndGlobalSection
	GlobalSection(ProjectConfigurationPlatforms) = postSolution
		{F04AD92A-21D3-4C80-A17B-B1BC251EBA5F}.Debug|Any CPU.ActiveCfg = Debug|Any CPU
		{F04AD92A-21D3-4C80-A17B-B1BC251EBA5F}.Debug|Any CPU.Build.0 = Debug|Any CPU
		{F04AD92A-21D3-4C80-A17B-B1BC251EBA5F}.Release|Any CPU.ActiveCfg = Release|Any CPU
		{F04AD92A-21D3-4C80-A17B-B1BC251EBA5F}.Release|Any CPU.Build.0 = Release|Any CPU
		{461B4CB8-2B70-4F75-BF24-7DB6821AFCC6}.Debug|Any CPU.ActiveCfg = Debug|Any CPU
		{461B4CB8-2B70-4F75-BF24-7DB6821AFCC6}.Debug|Any CPU.Build.0 = Debug|Any CPU
		{461B4CB8-2B70-4F75-BF24-7DB6821AFCC6}.Release|Any CPU.ActiveCfg = Release|Any CPU
		{461B4CB8-2B70-4F75-BF24-7DB6821AFCC6}.Release|Any CPU.Build.0 = Release|Any CPU
	EndGlobalSection
	GlobalSection(SolutionProperties) = preSolution
		HideSolutionNode = FALSE
	EndGlobalSection
	GlobalSection(ExtensibilityGlobals) = postSolution
		SolutionGuid = {A01C5B8F-DDF4-4D35-8848-236EB60F5FB2}
	EndGlobalSection
EndGlobal
